
Microsoft Visual Studio Solution File, Format Version 12.00
# Visual Studio Version 17
VisualStudioVersion = 17.11.35327.3
MinimumVisualStudioVersion = 10.0.40219.1
Project("{FAE04EC0-301F-11D3-BF4B-00C04F79EFBC}") = "StudentLibraryManagement", "StudentLibraryManagement\StudentLibraryManagement.csproj", "{4AC6D1B6-1AC9-4272-A610-EA5B31F3C59D}"
EndProject
Global
	GlobalSection(SolutionConfigurationPlatforms) = preSolution
		Debug|Any CPU = Debug|Any CPU
		Release|Any CPU = Release|Any CPU
	EndGlobalSection
	GlobalSection(ProjectConfigurationPlatforms) = postSolution
		{4AC6D1B6-1AC9-4272-A610-EA5B31F3C59D}.Debug|Any CPU.ActiveCfg = Debug|Any CPU
		{4AC6D1B6-1AC9-4272-A610-EA5B31F3C59D}.Debug|Any CPU.Build.0 = Debug|Any CPU
		{4AC6D1B6-1AC9-4272-A610-EA5B31F3C59D}.Release|Any CPU.ActiveCfg = Release|Any CPU
		{4AC6D1B6-1AC9-4272-A610-EA5B31F3C59D}.Release|Any CPU.Build.0 = Release|Any CPU
	EndGlobalSection
	GlobalSection(SolutionProperties) = preSolution
		HideSolutionNode = FALSE
	EndGlobalSection
	GlobalSection(ExtensibilityGlobals) = postSolution
		SolutionGuid = {FAE03623-A47B-4CDB-9FB0-592C060E3596}
	EndGlobalSection
EndGlobal
